// !$*UTF8*$!
{
	archiveVersion = 1;
	classes = {
	};
	objectVersion = 50;
	objects = {

/* Begin PBXBuildFile section */
		CF4BFCBB2191AEF000760CED /* AppDelegate.m in Sources */ = {isa = PBXBuildFile; fileRef = CF4BFCBA2191AEF000760CED /* AppDelegate.m */; };
		CF4BFCBE2191AEF000760CED /* ViewController.m in Sources */ = {isa = PBXBuildFile; fileRef = CF4BFCBD2191AEF000760CED /* ViewController.m */; };
		CF4BFCC12191AEF000760CED /* Main.storyboard in Resources */ = {isa = PBXBuildFile; fileRef = CF4BFCBF2191AEF000760CED /* Main.storyboard */; };
		CF4BFCC32191AEF800760CED /* Assets.xcassets in Resources */ = {isa = PBXBuildFile; fileRef = CF4BFCC22191AEF800760CED /* Assets.xcassets */; };
		CF4BFCC62191AEF800760CED /* LaunchScreen.storyboard in Resources */ = {isa = PBXBuildFile; fileRef = CF4BFCC42191AEF800760CED /* LaunchScreen.storyboard */; };
		CF4BFCC92191AEF800760CED /* main.m in Sources */ = {isa = PBXBuildFile; fileRef = CF4BFCC82191AEF800760CED /* main.m */; };
		CF4BFCDD21927B0400760CED /* AFHTTPSessionManager.m in Sources */ = {isa = PBXBuildFile; fileRef = CF4BFCD121927B0400760CED /* AFHTTPSessionManager.m */; };
		CF4BFCDE21927B0400760CED /* AFNetworkReachabilityManager.m in Sources */ = {isa = PBXBuildFile; fileRef = CF4BFCD421927B0400760CED /* AFNetworkReachabilityManager.m */; };
		CF4BFCDF21927B0400760CED /* AFSecurityPolicy.m in Sources */ = {isa = PBXBuildFile; fileRef = CF4BFCD621927B0400760CED /* AFSecurityPolicy.m */; };
		CF4BFCE021927B0400760CED /* AFURLRequestSerialization.m in Sources */ = {isa = PBXBuildFile; fileRef = CF4BFCD821927B0400760CED /* AFURLRequestSerialization.m */; };
		CF4BFCE121927B0400760CED /* AFURLResponseSerialization.m in Sources */ = {isa = PBXBuildFile; fileRef = CF4BFCDA21927B0400760CED /* AFURLResponseSerialization.m */; };
		CF4BFCE221927B0400760CED /* AFURLSessionManager.m in Sources */ = {isa = PBXBuildFile; fileRef = CF4BFCDC21927B0400760CED /* AFURLSessionManager.m */; };
		CF4BFCE521927B4900760CED /* BookModel.m in Sources */ = {isa = PBXBuildFile; fileRef = CF4BFCE421927B4900760CED /* BookModel.m */; };
/* End PBXBuildFile section */

/* Begin PBXFileReference section */
		CF4BFCB62191AEF000760CED /* AFNetwork网络库.app */ = {isa = PBXFileReference; explicitFileType = wrapper.application; includeInIndex = 0; path = "AFNetwork网络库.app"; sourceTree = BUILT_PRODUCTS_DIR; };
		CF4BFCB92191AEF000760CED /* AppDelegate.h */ = {isa = PBXFileReference; lastKnownFileType = sourcecode.c.h; path = AppDelegate.h; sourceTree = "<group>"; };
		CF4BFCBA2191AEF000760CED /* AppDelegate.m */ = {isa = PBXFileReference; lastKnownFileType = sourcecode.c.objc; path = AppDelegate.m; sourceTree = "<group>"; };
		CF4BFCBC2191AEF000760CED /* ViewController.h */ = {isa = PBXFileReference; lastKnownFileType = sourcecode.c.h; path = ViewController.h; sourceTree = "<group>"; };
		CF4BFCBD2191AEF000760CED /* ViewController.m */ = {isa = PBXFileReference; lastKnownFileType = sourcecode.c.objc; path = ViewController.m; sourceTree = "<group>"; };
		CF4BFCC02191AEF000760CED /* Base */ = {isa = PBXFileReference; lastKnownFileType = file.storyboard; name = Base; path = Base.lproj/Main.storyboard; sourceTree = "<group>"; };
		CF4BFCC22191AEF800760CED /* Assets.xcassets */ = {isa = PBXFileReference; lastKnownFileType = folder.assetcatalog; path = Assets.xcassets; sourceTree = "<group>"; };
		CF4BFCC52191AEF800760CED /* Base */ = {isa = PBXFileReference; lastKnownFileType = file.storyboard; name = Base; path = Base.lproj/LaunchScreen.storyboard; sourceTree = "<group>"; };
		CF4BFCC72191AEF800760CED /* Info.plist */ = {isa = PBXFileReference; lastKnownFileType = text.plist.xml; path = Info.plist; sourceTree = "<group>"; };
		CF4BFCC82191AEF800760CED /* main.m */ = {isa = PBXFileReference; lastKnownFileType = sourcecode.c.objc; path = main.m; sourceTree = "<group>"; };
		CF4BFCD021927B0400760CED /* AFHTTPSessionManager.h */ = {isa = PBXFileReference; fileEncoding = 4; lastKnownFileType = sourcecode.c.h; path = AFHTTPSessionManager.h; sourceTree = "<group>"; };
		CF4BFCD121927B0400760CED /* AFHTTPSessionManager.m */ = {isa = PBXFileReference; fileEncoding = 4; lastKnownFileType = sourcecode.c.objc; path = AFHTTPSessionManager.m; sourceTree = "<group>"; };
		CF4BFCD221927B0400760CED /* AFNetworking.h */ = {isa = PBXFileReference; fileEncoding = 4; lastKnownFileType = sourcecode.c.h; path = AFNetworking.h; sourceTree = "<group>"; };
		CF4BFCD321927B0400760CED /* AFNetworkReachabilityManager.h */ = {isa = PBXFileReference; fileEncoding = 4; lastKnownFileType = sourcecode.c.h; path = AFNetworkReachabilityManager.h; sourceTree = "<group>"; };
		CF4BFCD421927B0400760CED /* AFNetworkReachabilityManager.m */ = {isa = PBXFileReference; fileEncoding = 4; lastKnownFileType = sourcecode.c.objc; path = AFNetworkReachabilityManager.m; sourceTree = "<group>"; };
		CF4BFCD521927B0400760CED /* AFSecurityPolicy.h */ = {isa = PBXFileReference; fileEncoding = 4; lastKnownFileType = sourcecode.c.h; path = AFSecurityPolicy.h; sourceTree = "<group>"; };
		CF4BFCD621927B0400760CED /* AFSecurityPolicy.m */ = {isa = PBXFileReference; fileEncoding = 4; lastKnownFileType = sourcecode.c.objc; path = AFSecurityPolicy.m; sourceTree = "<group>"; };
		CF4BFCD721927B0400760CED /* AFURLRequestSerialization.h */ = {isa = PBXFileReference; fileEncoding = 4; lastKnownFileType = sourcecode.c.h; path = AFURLRequestSerialization.h; sourceTree = "<group>"; };
		CF4BFCD821927B0400760CED /* AFURLRequestSerialization.m */ = {isa = PBXFileReference; fileEncoding = 4; lastKnownFileType = sourcecode.c.objc; path = AFURLRequestSerialization.m; sourceTree = "<group>"; };
		CF4BFCD921927B0400760CED /* AFURLResponseSerialization.h */ = {isa = PBXFileReference; fileEncoding = 4; lastKnownFileType = sourcecode.c.h; path = AFURLResponseSerialization.h; sourceTree = "<group>"; };
		CF4BFCDA21927B0400760CED /* AFURLResponseSerialization.m */ = {isa = PBXFileReference; fileEncoding = 4; lastKnownFileType = sourcecode.c.objc; path = AFURLResponseSerialization.m; sourceTree = "<group>"; };
		CF4BFCDB21927B0400760CED /* AFURLSessionManager.h */ = {isa = PBXFileReference; fileEncoding = 4; lastKnownFileType = sourcecode.c.h; path = AFURLSessionManager.h; sourceTree = "<group>"; };
		CF4BFCDC21927B0400760CED /* AFURLSessionManager.m */ = {isa = PBXFileReference; fileEncoding = 4; lastKnownFileType = sourcecode.c.objc; path = AFURLSessionManager.m; sourceTree = "<group>"; };
		CF4BFCE321927B4900760CED /* BookModel.h */ = {isa = PBXFileReference; lastKnownFileType = sourcecode.c.h; path = BookModel.h; sourceTree = "<group>"; };
		CF4BFCE421927B4900760CED /* BookModel.m */ = {isa = PBXFileReference; lastKnownFileType = sourcecode.c.objc; path = BookModel.m; sourceTree = "<group>"; };
/* End PBXFileReference section */

/* Begin PBXFrameworksBuildPhase section */
		CF4BFCB32191AEF000760CED /* Frameworks */ = {
			isa = PBXFrameworksBuildPhase;
			buildActionMask = 2147483647;
			files = (
			);
			runOnlyForDeploymentPostprocessing = 0;
		};
/* End PBXFrameworksBuildPhase section */

/* Begin PBXGroup section */
		CF4BFCAD2191AEF000760CED = {
			isa = PBXGroup;
			children = (
				CF4BFCCF21927B0400760CED /* AFNetworking */,
				CF4BFCB82191AEF000760CED /* AFNetwork网络库 */,
				CF4BFCB72191AEF000760CED /* Products */,
			);
			sourceTree = "<group>";
		};
		CF4BFCB72191AEF000760CED /* Products */ = {
			isa = PBXGroup;
			children = (
				CF4BFCB62191AEF000760CED /* AFNetwork网络库.app */,
			);
			name = Products;
			sourceTree = "<group>";
		};
		CF4BFCB82191AEF000760CED /* AFNetwork网络库 */ = {
			isa = PBXGroup;
			children = (
				CF4BFCB92191AEF000760CED /* AppDelegate.h */,
				CF4BFCBA2191AEF000760CED /* AppDelegate.m */,
				CF4BFCBC2191AEF000760CED /* ViewController.h */,
				CF4BFCBD2191AEF000760CED /* ViewController.m */,
				CF4BFCBF2191AEF000760CED /* Main.storyboard */,
				CF4BFCC22191AEF800760CED /* Assets.xcassets */,
				CF4BFCC42191AEF800760CED /* LaunchScreen.storyboard */,
				CF4BFCC72191AEF800760CED /* Info.plist */,
				CF4BFCC82191AEF800760CED /* main.m */,
				CF4BFCE321927B4900760CED /* BookModel.h */,
				CF4BFCE421927B4900760CED /* BookModel.m */,
			);
			path = "AFNetwork网络库";
			sourceTree = "<group>";
		};
		CF4BFCCF21927B0400760CED /* AFNetworking */ = {
			isa = PBXGroup;
			children = (
				CF4BFCD021927B0400760CED /* AFHTTPSessionManager.h */,
				CF4BFCD121927B0400760CED /* AFHTTPSessionManager.m */,
				CF4BFCD221927B0400760CED /* AFNetworking.h */,
				CF4BFCD321927B0400760CED /* AFNetworkReachabilityManager.h */,
				CF4BFCD421927B0400760CED /* AFNetworkReachabilityManager.m */,
				CF4BFCD521927B0400760CED /* AFSecurityPolicy.h */,
				CF4BFCD621927B0400760CED /* AFSecurityPolicy.m */,
				CF4BFCD721927B0400760CED /* AFURLRequestSerialization.h */,
				CF4BFCD821927B0400760CED /* AFURLRequestSerialization.m */,
				CF4BFCD921927B0400760CED /* AFURLResponseSerialization.h */,
				CF4BFCDA21927B0400760CED /* AFURLResponseSerialization.m */,
				CF4BFCDB21927B0400760CED /* AFURLSessionManager.h */,
				CF4BFCDC21927B0400760CED /* AFURLSessionManager.m */,
			);
			path = AFNetworking;
			sourceTree = "<group>";
		};
/* End PBXGroup section */

/* Begin PBXNativeTarget section */
		CF4BFCB52191AEF000760CED /* AFNetwork网络库 */ = {
			isa = PBXNativeTarget;
			buildConfigurationList = CF4BFCCC2191AEF800760CED /* Build configuration list for PBXNativeTarget "AFNetwork网络库" */;
			buildPhases = (
				CF4BFCB22191AEF000760CED /* Sources */,
				CF4BFCB32191AEF000760CED /* Frameworks */,
				CF4BFCB42191AEF000760CED /* Resources */,
			);
			buildRules = (
			);
			dependencies = (
			);
			name = "AFNetwork网络库";
			productName = "AFNetwork网络库";
			productReference = CF4BFCB62191AEF000760CED /* AFNetwork网络库.app */;
			productType = "com.apple.product-type.application";
		};
/* End PBXNativeTarget section */

/* Begin PBXProject section */
		CF4BFCAE2191AEF000760CED /* Project object */ = {
			isa = PBXProject;
			attributes = {
				LastUpgradeCheck = 1000;
				ORGANIZATIONNAME = "Antony x";
				TargetAttributes = {
					CF4BFCB52191AEF000760CED = {
						CreatedOnToolsVersion = 10.0;
					};
				};
			};
			buildConfigurationList = CF4BFCB12191AEF000760CED /* Build configuration list for PBXProject "AFNetwork网络库" */;
			compatibilityVersion = "Xcode 9.3";
			developmentRegion = en;
			hasScannedForEncodings = 0;
			knownRegions = (
				en,
				Base,
			);
			mainGroup = CF4BFCAD2191AEF000760CED;
			productRefGroup = CF4BFCB72191AEF000760CED /* Products */;
			projectDirPath = "";
			projectRoot = "";
			targets = (
				CF4BFCB52191AEF000760CED /* AFNetwork网络库 */,
			);
		};
/* End PBXProject section */

/* Begin PBXResourcesBuildPhase section */
		CF4BFCB42191AEF000760CED /* Resources */ = {
			isa = PBXResourcesBuildPhase;
			buildActionMask = 2147483647;
			files = (
				CF4BFCC62191AEF800760CED /* LaunchScreen.storyboard in Resources */,
				CF4BFCC32191AEF800760CED /* Assets.xcassets in Resources */,
				CF4BFCC12191AEF000760CED /* Main.storyboard in Resources */,
			);
			runOnlyForDeploymentPostprocessing = 0;
		};
/* End PBXResourcesBuildPhase section */

/* Begin PBXSourcesBuildPhase section */
		CF4BFCB22191AEF000760CED /* Sources */ = {
			isa = PBXSourcesBuildPhase;
			buildActionMask = 2147483647;
			files = (
				CF4BFCE221927B0400760CED /* AFURLSessionManager.m in Sources */,
				CF4BFCBE2191AEF000760CED /* ViewController.m in Sources */,
				CF4BFCC92191AEF800760CED /* main.m in Sources */,
				CF4BFCDE21927B0400760CED /* AFNetworkReachabilityManager.m in Sources */,
				CF4BFCE521927B4900760CED /* BookModel.m in Sources */,
				CF4BFCBB2191AEF000760CED /* AppDelegate.m in Sources */,
				CF4BFCDF21927B0400760CED /* AFSecurityPolicy.m in Sources */,
				CF4BFCE021927B0400760CED /* AFURLRequestSerialization.m in Sources */,
				CF4BFCE121927B0400760CED /* AFURLResponseSerialization.m in Sources */,
				CF4BFCDD21927B0400760CED /* AFHTTPSessionManager.m in Sources */,
			);
			runOnlyForDeploymentPostprocessing = 0;
		};
/* End PBXSourcesBuildPhase section */

/* Begin PBXVariantGroup section */
		CF4BFCBF2191AEF000760CED /* Main.storyboard */ = {
			isa = PBXVariantGroup;
			children = (
				CF4BFCC02191AEF000760CED /* Base */,
			);
			name = Main.storyboard;
			sourceTree = "<group>";
		};
		CF4BFCC42191AEF800760CED /* LaunchScreen.storyboard */ = {
			isa = PBXVariantGroup;
			children = (
				CF4BFCC52191AEF800760CED /* Base */,
			);
			name = LaunchScreen.storyboard;
			sourceTree = "<group>";
		};
/* End PBXVariantGroup section */

/* Begin XCBuildConfiguration section */
		CF4BFCCA2191AEF800760CED /* Debug */ = {
			isa = XCBuildConfiguration;
			buildSettings = {
				ALWAYS_SEARCH_USER_PATHS = NO;
				CLANG_ANALYZER_NONNULL = YES;
				CLANG_ANALYZER_NUMBER_OBJECT_CONVERSION = YES_AGGRESSIVE;
				CLANG_CXX_LANGUAGE_STANDARD = "gnu++14";
				CLANG_CXX_LIBRARY = "libc++";
				CLANG_ENABLE_MODULES = YES;
				CLANG_ENABLE_OBJC_ARC = YES;
				CLANG_ENABLE_OBJC_WEAK = YES;
				CLANG_WARN_BLOCK_CAPTURE_AUTORELEASING = YES;
				CLANG_WARN_BOOL_CONVERSION = YES;
				CLANG_WARN_COMMA = YES;
				CLANG_WARN_CONSTANT_CONVERSION = YES;
				CLANG_WARN_DEPRECATED_OBJC_IMPLEMENTATIONS = YES;
				CLANG_WARN_DIRECT_OBJC_ISA_USAGE = YES_ERROR;
				CLANG_WARN_DOCUMENTATION_COMMENTS = YES;
				CLANG_WARN_EMPTY_BODY = YES;
				CLANG_WARN_ENUM_CONVERSION = YES;
				CLANG_WARN_INFINITE_RECURSION = YES;
				CLANG_WARN_INT_CONVERSION = YES;
				CLANG_WARN_NON_LITERAL_NULL_CONVERSION = YES;
				CLANG_WARN_OBJC_IMPLICIT_RETAIN_SELF = YES;
				CLANG_WARN_OBJC_LITERAL_CONVERSION = YES;
				CLANG_WARN_OBJC_ROOT_CLASS = YES_ERROR;
				CLANG_WARN_RANGE_LOOP_ANALYSIS = YES;
				CLANG_WARN_STRICT_PROTOTYPES = YES;
				CLANG_WARN_SUSPICIOUS_MOVE = YES;
				CLANG_WARN_UNGUARDED_AVAILABILITY = YES_AGGRESSIVE;
				CLANG_WARN_UNREACHABLE_CODE = YES;
				CLANG_WARN__DUPLICATE_METHOD_MATCH = YES;
				CODE_SIGN_IDENTITY = "iPhone Developer";
				COPY_PHASE_STRIP = NO;
				DEBUG_INFORMATION_FORMAT = dwarf;
				ENABLE_STRICT_OBJC_MSGSEND = YES;
				ENABLE_TESTABILITY = YES;
				GCC_C_LANGUAGE_STANDARD = gnu11;
				GCC_DYNAMIC_NO_PIC = NO;
				GCC_NO_COMMON_BLOCKS = YES;
				GCC_OPTIMIZATION_LEVEL = 0;
				GCC_PREPROCESSOR_DEFINITIONS = (
					"DEBUG=1",
					"$(inherited)",
				);
				GCC_WARN_64_TO_32_BIT_CONVERSION = YES;
				GCC_WARN_ABOUT_RETURN_TYPE = YES_ERROR;
				GCC_WARN_UNDECLARED_SELECTOR = YES;
				GCC_WARN_UNINITIALIZED_AUTOS = YES_AGGRESSIVE;
				GCC_WARN_UNUSED_FUNCTION = YES;
				GCC_WARN_UNUSED_VARIABLE = YES;
				IPHONEOS_DEPLOYMENT_TARGET = 12.0;
				MTL_ENABLE_DEBUG_INFO = INCLUDE_SOURCE;
				MTL_FAST_MATH = YES;
				ONLY_ACTIVE_ARCH = YES;
				SDKROOT = iphoneos;
			};
			name = Debug;
		};
		CF4BFCCB2191AEF800760CED /* Release */ = {
			isa = XCBuildConfiguration;
			buildSettings = {
				ALWAYS_SEARCH_USER_PATHS = NO;
				CLANG_ANALYZER_NONNULL = YES;
				CLANG_ANALYZER_NUMBER_OBJECT_CONVERSION = YES_AGGRESSIVE;
				CLANG_CXX_LANGUAGE_STANDARD = "gnu++14";
				CLANG_CXX_LIBRARY = "libc++";
				CLANG_ENABLE_MODULES = YES;
				CLANG_ENABLE_OBJC_ARC = YES;
				CLANG_ENABLE_OBJC_WEAK = YES;
				CLANG_WARN_BLOCK_CAPTURE_AUTORELEASING = YES;
				CLANG_WARN_BOOL_CONVERSION = YES;
				CLANG_WARN_COMMA = YES;
				CLANG_WARN_CONSTANT_CONVERSION = YES;
				CLANG_WARN_DEPRECATED_OBJC_IMPLEMENTATIONS = YES;
				CLANG_WARN_DIRECT_OBJC_ISA_USAGE = YES_ERROR;
				CLANG_WARN_DOCUMENTATION_COMMENTS = YES;
				CLANG_WARN_EMPTY_BODY = YES;
				CLANG_WARN_ENUM_CONVERSION = YES;
				CLANG_WARN_INFINITE_RECURSION = YES;
				CLANG_WARN_INT_CONVERSION = YES;
				CLANG_WARN_NON_LITERAL_NULL_CONVERSION = YES;
				CLANG_WARN_OBJC_IMPLICIT_RETAIN_SELF = YES;
				CLANG_WARN_OBJC_LITERAL_CONVERSION = YES;
				CLANG_WARN_OBJC_ROOT_CLASS = YES_ERROR;
				CLANG_WARN_RANGE_LOOP_ANALYSIS = YES;
				CLANG_WARN_STRICT_PROTOTYPES = YES;
				CLANG_WARN_SUSPICIOUS_MOVE = YES;
				CLANG_WARN_UNGUARDED_AVAILABILITY = YES_AGGRESSIVE;
				CLANG_WARN_UNREACHABLE_CODE = YES;
				CLANG_WARN__DUPLICATE_METHOD_MATCH = YES;
				CODE_SIGN_IDENTITY = "iPhone Developer";
				COPY_PHASE_STRIP = NO;
				DEBUG_INFORMATION_FORMAT = "dwarf-with-dsym";
				ENABLE_NS_ASSERTIONS = NO;
				ENABLE_STRICT_OBJC_MSGSEND = YES;
				GCC_C_LANGUAGE_STANDARD = gnu11;
				GCC_NO_COMMON_BLOCKS = YES;
				GCC_WARN_64_TO_32_BIT_CONVERSION = YES;
				GCC_WARN_ABOUT_RETURN_TYPE = YES_ERROR;
				GCC_WARN_UNDECLARED_SELECTOR = YES;
				GCC_WARN_UNINITIALIZED_AUTOS = YES_AGGRESSIVE;
				GCC_WARN_UNUSED_FUNCTION = YES;
				GCC_WARN_UNUSED_VARIABLE = YES;
				IPHONEOS_DEPLOYMENT_TARGET = 12.0;
				MTL_ENABLE_DEBUG_INFO = NO;
				MTL_FAST_MATH = YES;
				SDKROOT = iphoneos;
				VALIDATE_PRODUCT = YES;
			};
			name = Release;
		};
		CF4BFCCD2191AEF800760CED /* Debug */ = {
			isa = XCBuildConfiguration;
			buildSettings = {
				ASSETCATALOG_COMPILER_APPICON_NAME = AppIcon;
				CODE_SIGN_STYLE = Automatic;
				INFOPLIST_FILE = "AFNetwork网络库/Info.plist";
				LD_RUNPATH_SEARCH_PATHS = (
					"$(inherited)",
					"@executable_path/Frameworks",
				);
				PRODUCT_BUNDLE_IDENTIFIER = "com.antony.test.AFNetwork---";
				PRODUCT_NAME = "$(TARGET_NAME)";
				TARGETED_DEVICE_FAMILY = "1,2";
			};
			name = Debug;
		};
		CF4BFCCE2191AEF800760CED /* Release */ = {
			isa = XCBuildConfiguration;
			buildSettings = {
				ASSETCATALOG_COMPILER_APPICON_NAME = AppIcon;
				CODE_SIGN_STYLE = Automatic;
				INFOPLIST_FILE = "AFNetwork网络库/Info.plist";
				LD_RUNPATH_SEARCH_PATHS = (
					"$(inherited)",
					"@executable_path/Frameworks",
				);
				PRODUCT_BUNDLE_IDENTIFIER = "com.antony.test.AFNetwork---";
				PRODUCT_NAME = "$(TARGET_NAME)";
				TARGETED_DEVICE_FAMILY = "1,2";
			};
			name = Release;
		};
/* End XCBuildConfiguration section */

/* Begin XCConfigurationList section */
		CF4BFCB12191AEF000760CED /* Build configuration list for PBXProject "AFNetwork网络库" */ = {
			isa = XCConfigurationList;
			buildConfigurations = (
				CF4BFCCA2191AEF800760CED /* Debug */,
				CF4BFCCB2191AEF800760CED /* Release */,
			);
			defaultConfigurationIsVisible = 0;
			defaultConfigurationName = Release;
		};
		CF4BFCCC2191AEF800760CED /* Build configuration list for PBXNativeTarget "AFNetwork网络库" */ = {
			isa = XCConfigurationList;
			buildConfigurations = (
				CF4BFCCD2191AEF800760CED /* Debug */,
				CF4BFCCE2191AEF800760CED /* Release */,
			);
			defaultConfigurationIsVisible = 0;
			defaultConfigurationName = Release;
		};
/* End XCConfigurationList section */
	};
	rootObject = CF4BFCAE2191AEF000760CED /* Project object */;
}
