// !$*UTF8*$!
{
	archiveVersion = 1;
	classes = {
	};
	objectVersion = 50;
	objects = {

/* Begin PBXBuildFile section */
		CF4BFCF42192884F00760CED /* AppDelegate.m in Sources */ = {isa = PBXBuildFile; fileRef = CF4BFCF32192884F00760CED /* AppDelegate.m */; };
		CF4BFCF72192884F00760CED /* ViewController.m in Sources */ = {isa = PBXBuildFile; fileRef = CF4BFCF62192884F00760CED /* ViewController.m */; };
		CF4BFCFA2192884F00760CED /* Main.storyboard in Resources */ = {isa = PBXBuildFile; fileRef = CF4BFCF82192884F00760CED /* Main.storyboard */; };
		CF4BFCFC2192885600760CED /* Assets.xcassets in Resources */ = {isa = PBXBuildFile; fileRef = CF4BFCFB2192885600760CED /* Assets.xcassets */; };
		CF4BFCFF2192885600760CED /* LaunchScreen.storyboard in Resources */ = {isa = PBXBuildFile; fileRef = CF4BFCFD2192885600760CED /* LaunchScreen.storyboard */; };
		CF4BFD022192885600760CED /* main.m in Sources */ = {isa = PBXBuildFile; fileRef = CF4BFD012192885600760CED /* main.m */; };
		CF4BFD09219290B000760CED /* 10787.wav in Resources */ = {isa = PBXBuildFile; fileRef = CF4BFD08219290B000760CED /* 10787.wav */; };
/* End PBXBuildFile section */

/* Begin PBXFileReference section */
		CF4BFCEF2192884F00760CED /* 音频播放上集.app */ = {isa = PBXFileReference; explicitFileType = wrapper.application; includeInIndex = 0; path = "音频播放上集.app"; sourceTree = BUILT_PRODUCTS_DIR; };
		CF4BFCF22192884F00760CED /* AppDelegate.h */ = {isa = PBXFileReference; lastKnownFileType = sourcecode.c.h; path = AppDelegate.h; sourceTree = "<group>"; };
		CF4BFCF32192884F00760CED /* AppDelegate.m */ = {isa = PBXFileReference; lastKnownFileType = sourcecode.c.objc; path = AppDelegate.m; sourceTree = "<group>"; };
		CF4BFCF52192884F00760CED /* ViewController.h */ = {isa = PBXFileReference; lastKnownFileType = sourcecode.c.h; path = ViewController.h; sourceTree = "<group>"; };
		CF4BFCF62192884F00760CED /* ViewController.m */ = {isa = PBXFileReference; lastKnownFileType = sourcecode.c.objc; path = ViewController.m; sourceTree = "<group>"; };
		CF4BFCF92192884F00760CED /* Base */ = {isa = PBXFileReference; lastKnownFileType = file.storyboard; name = Base; path = Base.lproj/Main.storyboard; sourceTree = "<group>"; };
		CF4BFCFB2192885600760CED /* Assets.xcassets */ = {isa = PBXFileReference; lastKnownFileType = folder.assetcatalog; path = Assets.xcassets; sourceTree = "<group>"; };
		CF4BFCFE2192885600760CED /* Base */ = {isa = PBXFileReference; lastKnownFileType = file.storyboard; name = Base; path = Base.lproj/LaunchScreen.storyboard; sourceTree = "<group>"; };
		CF4BFD002192885600760CED /* Info.plist */ = {isa = PBXFileReference; lastKnownFileType = text.plist.xml; path = Info.plist; sourceTree = "<group>"; };
		CF4BFD012192885600760CED /* main.m */ = {isa = PBXFileReference; lastKnownFileType = sourcecode.c.objc; path = main.m; sourceTree = "<group>"; };
		CF4BFD08219290B000760CED /* 10787.wav */ = {isa = PBXFileReference; lastKnownFileType = audio.wav; path = 10787.wav; sourceTree = "<group>"; };
/* End PBXFileReference section */

/* Begin PBXFrameworksBuildPhase section */
		CF4BFCEC2192884F00760CED /* Frameworks */ = {
			isa = PBXFrameworksBuildPhase;
			buildActionMask = 2147483647;
			files = (
			);
			runOnlyForDeploymentPostprocessing = 0;
		};
/* End PBXFrameworksBuildPhase section */

/* Begin PBXGroup section */
		CF4BFCE62192884E00760CED = {
			isa = PBXGroup;
			children = (
				CF4BFD08219290B000760CED /* 10787.wav */,
				CF4BFCF12192884F00760CED /* 音频播放上集 */,
				CF4BFCF02192884F00760CED /* Products */,
			);
			sourceTree = "<group>";
		};
		CF4BFCF02192884F00760CED /* Products */ = {
			isa = PBXGroup;
			children = (
				CF4BFCEF2192884F00760CED /* 音频播放上集.app */,
			);
			name = Products;
			sourceTree = "<group>";
		};
		CF4BFCF12192884F00760CED /* 音频播放上集 */ = {
			isa = PBXGroup;
			children = (
				CF4BFCF22192884F00760CED /* AppDelegate.h */,
				CF4BFCF32192884F00760CED /* AppDelegate.m */,
				CF4BFCF52192884F00760CED /* ViewController.h */,
				CF4BFCF62192884F00760CED /* ViewController.m */,
				CF4BFCF82192884F00760CED /* Main.storyboard */,
				CF4BFCFB2192885600760CED /* Assets.xcassets */,
				CF4BFCFD2192885600760CED /* LaunchScreen.storyboard */,
				CF4BFD002192885600760CED /* Info.plist */,
				CF4BFD012192885600760CED /* main.m */,
			);
			path = "音频播放上集";
			sourceTree = "<group>";
		};
/* End PBXGroup section */

/* Begin PBXNativeTarget section */
		CF4BFCEE2192884F00760CED /* 音频播放上集 */ = {
			isa = PBXNativeTarget;
			buildConfigurationList = CF4BFD052192885600760CED /* Build configuration list for PBXNativeTarget "音频播放上集" */;
			buildPhases = (
				CF4BFCEB2192884F00760CED /* Sources */,
				CF4BFCEC2192884F00760CED /* Frameworks */,
				CF4BFCED2192884F00760CED /* Resources */,
			);
			buildRules = (
			);
			dependencies = (
			);
			name = "音频播放上集";
			productName = "音频播放上集";
			productReference = CF4BFCEF2192884F00760CED /* 音频播放上集.app */;
			productType = "com.apple.product-type.application";
		};
/* End PBXNativeTarget section */

/* Begin PBXProject section */
		CF4BFCE72192884E00760CED /* Project object */ = {
			isa = PBXProject;
			attributes = {
				LastUpgradeCheck = 1000;
				ORGANIZATIONNAME = "Antony x";
				TargetAttributes = {
					CF4BFCEE2192884F00760CED = {
						CreatedOnToolsVersion = 10.0;
					};
				};
			};
			buildConfigurationList = CF4BFCEA2192884E00760CED /* Build configuration list for PBXProject "音频播放上集" */;
			compatibilityVersion = "Xcode 9.3";
			developmentRegion = en;
			hasScannedForEncodings = 0;
			knownRegions = (
				en,
				Base,
			);
			mainGroup = CF4BFCE62192884E00760CED;
			productRefGroup = CF4BFCF02192884F00760CED /* Products */;
			projectDirPath = "";
			projectRoot = "";
			targets = (
				CF4BFCEE2192884F00760CED /* 音频播放上集 */,
			);
		};
/* End PBXProject section */

/* Begin PBXResourcesBuildPhase section */
		CF4BFCED2192884F00760CED /* Resources */ = {
			isa = PBXResourcesBuildPhase;
			buildActionMask = 2147483647;
			files = (
				CF4BFD09219290B000760CED /* 10787.wav in Resources */,
				CF4BFCFF2192885600760CED /* LaunchScreen.storyboard in Resources */,
				CF4BFCFC2192885600760CED /* Assets.xcassets in Resources */,
				CF4BFCFA2192884F00760CED /* Main.storyboard in Resources */,
			);
			runOnlyForDeploymentPostprocessing = 0;
		};
/* End PBXResourcesBuildPhase section */

/* Begin PBXSourcesBuildPhase section */
		CF4BFCEB2192884F00760CED /* Sources */ = {
			isa = PBXSourcesBuildPhase;
			buildActionMask = 2147483647;
			files = (
				CF4BFCF72192884F00760CED /* ViewController.m in Sources */,
				CF4BFD022192885600760CED /* main.m in Sources */,
				CF4BFCF42192884F00760CED /* AppDelegate.m in Sources */,
			);
			runOnlyForDeploymentPostprocessing = 0;
		};
/* End PBXSourcesBuildPhase section */

/* Begin PBXVariantGroup section */
		CF4BFCF82192884F00760CED /* Main.storyboard */ = {
			isa = PBXVariantGroup;
			children = (
				CF4BFCF92192884F00760CED /* Base */,
			);
			name = Main.storyboard;
			sourceTree = "<group>";
		};
		CF4BFCFD2192885600760CED /* LaunchScreen.storyboard */ = {
			isa = PBXVariantGroup;
			children = (
				CF4BFCFE2192885600760CED /* Base */,
			);
			name = LaunchScreen.storyboard;
			sourceTree = "<group>";
		};
/* End PBXVariantGroup section */

/* Begin XCBuildConfiguration section */
		CF4BFD032192885600760CED /* Debug */ = {
			isa = XCBuildConfiguration;
			buildSettings = {
				ALWAYS_SEARCH_USER_PATHS = NO;
				CLANG_ANALYZER_NONNULL = YES;
				CLANG_ANALYZER_NUMBER_OBJECT_CONVERSION = YES_AGGRESSIVE;
				CLANG_CXX_LANGUAGE_STANDARD = "gnu++14";
				CLANG_CXX_LIBRARY = "libc++";
				CLANG_ENABLE_MODULES = YES;
				CLANG_ENABLE_OBJC_ARC = YES;
				CLANG_ENABLE_OBJC_WEAK = YES;
				CLANG_WARN_BLOCK_CAPTURE_AUTORELEASING = YES;
				CLANG_WARN_BOOL_CONVERSION = YES;
				CLANG_WARN_COMMA = YES;
				CLANG_WARN_CONSTANT_CONVERSION = YES;
				CLANG_WARN_DEPRECATED_OBJC_IMPLEMENTATIONS = YES;
				CLANG_WARN_DIRECT_OBJC_ISA_USAGE = YES_ERROR;
				CLANG_WARN_DOCUMENTATION_COMMENTS = YES;
				CLANG_WARN_EMPTY_BODY = YES;
				CLANG_WARN_ENUM_CONVERSION = YES;
				CLANG_WARN_INFINITE_RECURSION = YES;
				CLANG_WARN_INT_CONVERSION = YES;
				CLANG_WARN_NON_LITERAL_NULL_CONVERSION = YES;
				CLANG_WARN_OBJC_IMPLICIT_RETAIN_SELF = YES;
				CLANG_WARN_OBJC_LITERAL_CONVERSION = YES;
				CLANG_WARN_OBJC_ROOT_CLASS = YES_ERROR;
				CLANG_WARN_RANGE_LOOP_ANALYSIS = YES;
				CLANG_WARN_STRICT_PROTOTYPES = YES;
				CLANG_WARN_SUSPICIOUS_MOVE = YES;
				CLANG_WARN_UNGUARDED_AVAILABILITY = YES_AGGRESSIVE;
				CLANG_WARN_UNREACHABLE_CODE = YES;
				CLANG_WARN__DUPLICATE_METHOD_MATCH = YES;
				CODE_SIGN_IDENTITY = "iPhone Developer";
				COPY_PHASE_STRIP = NO;
				DEBUG_INFORMATION_FORMAT = dwarf;
				ENABLE_STRICT_OBJC_MSGSEND = YES;
				ENABLE_TESTABILITY = YES;
				GCC_C_LANGUAGE_STANDARD = gnu11;
				GCC_DYNAMIC_NO_PIC = NO;
				GCC_NO_COMMON_BLOCKS = YES;
				GCC_OPTIMIZATION_LEVEL = 0;
				GCC_PREPROCESSOR_DEFINITIONS = (
					"DEBUG=1",
					"$(inherited)",
				);
				GCC_WARN_64_TO_32_BIT_CONVERSION = YES;
				GCC_WARN_ABOUT_RETURN_TYPE = YES_ERROR;
				GCC_WARN_UNDECLARED_SELECTOR = YES;
				GCC_WARN_UNINITIALIZED_AUTOS = YES_AGGRESSIVE;
				GCC_WARN_UNUSED_FUNCTION = YES;
				GCC_WARN_UNUSED_VARIABLE = YES;
				IPHONEOS_DEPLOYMENT_TARGET = 12.0;
				MTL_ENABLE_DEBUG_INFO = INCLUDE_SOURCE;
				MTL_FAST_MATH = YES;
				ONLY_ACTIVE_ARCH = YES;
				SDKROOT = iphoneos;
			};
			name = Debug;
		};
		CF4BFD042192885600760CED /* Release */ = {
			isa = XCBuildConfiguration;
			buildSettings = {
				ALWAYS_SEARCH_USER_PATHS = NO;
				CLANG_ANALYZER_NONNULL = YES;
				CLANG_ANALYZER_NUMBER_OBJECT_CONVERSION = YES_AGGRESSIVE;
				CLANG_CXX_LANGUAGE_STANDARD = "gnu++14";
				CLANG_CXX_LIBRARY = "libc++";
				CLANG_ENABLE_MODULES = YES;
				CLANG_ENABLE_OBJC_ARC = YES;
				CLANG_ENABLE_OBJC_WEAK = YES;
				CLANG_WARN_BLOCK_CAPTURE_AUTORELEASING = YES;
				CLANG_WARN_BOOL_CONVERSION = YES;
				CLANG_WARN_COMMA = YES;
				CLANG_WARN_CONSTANT_CONVERSION = YES;
				CLANG_WARN_DEPRECATED_OBJC_IMPLEMENTATIONS = YES;
				CLANG_WARN_DIRECT_OBJC_ISA_USAGE = YES_ERROR;
				CLANG_WARN_DOCUMENTATION_COMMENTS = YES;
				CLANG_WARN_EMPTY_BODY = YES;
				CLANG_WARN_ENUM_CONVERSION = YES;
				CLANG_WARN_INFINITE_RECURSION = YES;
				CLANG_WARN_INT_CONVERSION = YES;
				CLANG_WARN_NON_LITERAL_NULL_CONVERSION = YES;
				CLANG_WARN_OBJC_IMPLICIT_RETAIN_SELF = YES;
				CLANG_WARN_OBJC_LITERAL_CONVERSION = YES;
				CLANG_WARN_OBJC_ROOT_CLASS = YES_ERROR;
				CLANG_WARN_RANGE_LOOP_ANALYSIS = YES;
				CLANG_WARN_STRICT_PROTOTYPES = YES;
				CLANG_WARN_SUSPICIOUS_MOVE = YES;
				CLANG_WARN_UNGUARDED_AVAILABILITY = YES_AGGRESSIVE;
				CLANG_WARN_UNREACHABLE_CODE = YES;
				CLANG_WARN__DUPLICATE_METHOD_MATCH = YES;
				CODE_SIGN_IDENTITY = "iPhone Developer";
				COPY_PHASE_STRIP = NO;
				DEBUG_INFORMATION_FORMAT = "dwarf-with-dsym";
				ENABLE_NS_ASSERTIONS = NO;
				ENABLE_STRICT_OBJC_MSGSEND = YES;
				GCC_C_LANGUAGE_STANDARD = gnu11;
				GCC_NO_COMMON_BLOCKS = YES;
				GCC_WARN_64_TO_32_BIT_CONVERSION = YES;
				GCC_WARN_ABOUT_RETURN_TYPE = YES_ERROR;
				GCC_WARN_UNDECLARED_SELECTOR = YES;
				GCC_WARN_UNINITIALIZED_AUTOS = YES_AGGRESSIVE;
				GCC_WARN_UNUSED_FUNCTION = YES;
				GCC_WARN_UNUSED_VARIABLE = YES;
				IPHONEOS_DEPLOYMENT_TARGET = 12.0;
				MTL_ENABLE_DEBUG_INFO = NO;
				MTL_FAST_MATH = YES;
				SDKROOT = iphoneos;
				VALIDATE_PRODUCT = YES;
			};
			name = Release;
		};
		CF4BFD062192885600760CED /* Debug */ = {
			isa = XCBuildConfiguration;
			buildSettings = {
				ASSETCATALOG_COMPILER_APPICON_NAME = AppIcon;
				CODE_SIGN_STYLE = Automatic;
				INFOPLIST_FILE = "音频播放上集/Info.plist";
				LD_RUNPATH_SEARCH_PATHS = (
					"$(inherited)",
					"@executable_path/Frameworks",
				);
				PRODUCT_BUNDLE_IDENTIFIER = "com.antony.test.------";
				PRODUCT_NAME = "$(TARGET_NAME)";
				TARGETED_DEVICE_FAMILY = "1,2";
			};
			name = Debug;
		};
		CF4BFD072192885600760CED /* Release */ = {
			isa = XCBuildConfiguration;
			buildSettings = {
				ASSETCATALOG_COMPILER_APPICON_NAME = AppIcon;
				CODE_SIGN_STYLE = Automatic;
				INFOPLIST_FILE = "音频播放上集/Info.plist";
				LD_RUNPATH_SEARCH_PATHS = (
					"$(inherited)",
					"@executable_path/Frameworks",
				);
				PRODUCT_BUNDLE_IDENTIFIER = "com.antony.test.------";
				PRODUCT_NAME = "$(TARGET_NAME)";
				TARGETED_DEVICE_FAMILY = "1,2";
			};
			name = Release;
		};
/* End XCBuildConfiguration section */

/* Begin XCConfigurationList section */
		CF4BFCEA2192884E00760CED /* Build configuration list for PBXProject "音频播放上集" */ = {
			isa = XCConfigurationList;
			buildConfigurations = (
				CF4BFD032192885600760CED /* Debug */,
				CF4BFD042192885600760CED /* Release */,
			);
			defaultConfigurationIsVisible = 0;
			defaultConfigurationName = Release;
		};
		CF4BFD052192885600760CED /* Build configuration list for PBXNativeTarget "音频播放上集" */ = {
			isa = XCConfigurationList;
			buildConfigurations = (
				CF4BFD062192885600760CED /* Debug */,
				CF4BFD072192885600760CED /* Release */,
			);
			defaultConfigurationIsVisible = 0;
			defaultConfigurationName = Release;
		};
/* End XCConfigurationList section */
	};
	rootObject = CF4BFCE72192884E00760CED /* Project object */;
}
