// !$*UTF8*$!
{
	archiveVersion = 1;
	classes = {
	};
	objectVersion = 50;
	objects = {

/* Begin PBXBuildFile section */
		CF6C51742187F69800F4F62E /* AppDelegate.m in Sources */ = {isa = PBXBuildFile; fileRef = CF6C51732187F69800F4F62E /* AppDelegate.m */; };
		CF6C51772187F69800F4F62E /* ViewController.m in Sources */ = {isa = PBXBuildFile; fileRef = CF6C51762187F69800F4F62E /* ViewController.m */; };
		CF6C517A2187F69800F4F62E /* Main.storyboard in Resources */ = {isa = PBXBuildFile; fileRef = CF6C51782187F69800F4F62E /* Main.storyboard */; };
		CF6C517C2187F6A000F4F62E /* Assets.xcassets in Resources */ = {isa = PBXBuildFile; fileRef = CF6C517B2187F6A000F4F62E /* Assets.xcassets */; };
		CF6C517F2187F6A000F4F62E /* LaunchScreen.storyboard in Resources */ = {isa = PBXBuildFile; fileRef = CF6C517D2187F6A000F4F62E /* LaunchScreen.storyboard */; };
		CF6C51822187F6A000F4F62E /* main.m in Sources */ = {isa = PBXBuildFile; fileRef = CF6C51812187F6A000F4F62E /* main.m */; };
		CF6C518D2187FBD200F4F62E /* 4.jpg in Resources */ = {isa = PBXBuildFile; fileRef = CF6C51882187FBD200F4F62E /* 4.jpg */; };
		CF6C518E2187FBD200F4F62E /* 5.jpg in Resources */ = {isa = PBXBuildFile; fileRef = CF6C51892187FBD200F4F62E /* 5.jpg */; };
		CF6C518F2187FBD200F4F62E /* 3.jpg in Resources */ = {isa = PBXBuildFile; fileRef = CF6C518A2187FBD200F4F62E /* 3.jpg */; };
		CF6C51902187FBD200F4F62E /* 2.jpg in Resources */ = {isa = PBXBuildFile; fileRef = CF6C518B2187FBD200F4F62E /* 2.jpg */; };
		CF6C51912187FBD200F4F62E /* 1.jpg in Resources */ = {isa = PBXBuildFile; fileRef = CF6C518C2187FBD200F4F62E /* 1.jpg */; };
/* End PBXBuildFile section */

/* Begin PBXFileReference section */
		CF6C516F2187F69800F4F62E /* UI滚动视图.app */ = {isa = PBXFileReference; explicitFileType = wrapper.application; includeInIndex = 0; path = "UI滚动视图.app"; sourceTree = BUILT_PRODUCTS_DIR; };
		CF6C51722187F69800F4F62E /* AppDelegate.h */ = {isa = PBXFileReference; lastKnownFileType = sourcecode.c.h; path = AppDelegate.h; sourceTree = "<group>"; };
		CF6C51732187F69800F4F62E /* AppDelegate.m */ = {isa = PBXFileReference; lastKnownFileType = sourcecode.c.objc; path = AppDelegate.m; sourceTree = "<group>"; };
		CF6C51752187F69800F4F62E /* ViewController.h */ = {isa = PBXFileReference; lastKnownFileType = sourcecode.c.h; path = ViewController.h; sourceTree = "<group>"; };
		CF6C51762187F69800F4F62E /* ViewController.m */ = {isa = PBXFileReference; lastKnownFileType = sourcecode.c.objc; path = ViewController.m; sourceTree = "<group>"; };
		CF6C51792187F69800F4F62E /* Base */ = {isa = PBXFileReference; lastKnownFileType = file.storyboard; name = Base; path = Base.lproj/Main.storyboard; sourceTree = "<group>"; };
		CF6C517B2187F6A000F4F62E /* Assets.xcassets */ = {isa = PBXFileReference; lastKnownFileType = folder.assetcatalog; path = Assets.xcassets; sourceTree = "<group>"; };
		CF6C517E2187F6A000F4F62E /* Base */ = {isa = PBXFileReference; lastKnownFileType = file.storyboard; name = Base; path = Base.lproj/LaunchScreen.storyboard; sourceTree = "<group>"; };
		CF6C51802187F6A000F4F62E /* Info.plist */ = {isa = PBXFileReference; lastKnownFileType = text.plist.xml; path = Info.plist; sourceTree = "<group>"; };
		CF6C51812187F6A000F4F62E /* main.m */ = {isa = PBXFileReference; lastKnownFileType = sourcecode.c.objc; path = main.m; sourceTree = "<group>"; };
		CF6C51882187FBD200F4F62E /* 4.jpg */ = {isa = PBXFileReference; lastKnownFileType = image.jpeg; name = 4.jpg; path = ../../../../Downloads/4.jpg; sourceTree = "<group>"; };
		CF6C51892187FBD200F4F62E /* 5.jpg */ = {isa = PBXFileReference; lastKnownFileType = image.jpeg; name = 5.jpg; path = ../../../../Downloads/5.jpg; sourceTree = "<group>"; };
		CF6C518A2187FBD200F4F62E /* 3.jpg */ = {isa = PBXFileReference; lastKnownFileType = image.jpeg; name = 3.jpg; path = ../../../../Downloads/3.jpg; sourceTree = "<group>"; };
		CF6C518B2187FBD200F4F62E /* 2.jpg */ = {isa = PBXFileReference; lastKnownFileType = image.jpeg; name = 2.jpg; path = ../../../../Downloads/2.jpg; sourceTree = "<group>"; };
		CF6C518C2187FBD200F4F62E /* 1.jpg */ = {isa = PBXFileReference; lastKnownFileType = image.jpeg; name = 1.jpg; path = ../../../../Downloads/1.jpg; sourceTree = "<group>"; };
/* End PBXFileReference section */

/* Begin PBXFrameworksBuildPhase section */
		CF6C516C2187F69800F4F62E /* Frameworks */ = {
			isa = PBXFrameworksBuildPhase;
			buildActionMask = 2147483647;
			files = (
			);
			runOnlyForDeploymentPostprocessing = 0;
		};
/* End PBXFrameworksBuildPhase section */

/* Begin PBXGroup section */
		CF6C51662187F69800F4F62E = {
			isa = PBXGroup;
			children = (
				CF6C518C2187FBD200F4F62E /* 1.jpg */,
				CF6C518B2187FBD200F4F62E /* 2.jpg */,
				CF6C518A2187FBD200F4F62E /* 3.jpg */,
				CF6C51882187FBD200F4F62E /* 4.jpg */,
				CF6C51892187FBD200F4F62E /* 5.jpg */,
				CF6C51712187F69800F4F62E /* UI滚动视图 */,
				CF6C51702187F69800F4F62E /* Products */,
			);
			sourceTree = "<group>";
		};
		CF6C51702187F69800F4F62E /* Products */ = {
			isa = PBXGroup;
			children = (
				CF6C516F2187F69800F4F62E /* UI滚动视图.app */,
			);
			name = Products;
			sourceTree = "<group>";
		};
		CF6C51712187F69800F4F62E /* UI滚动视图 */ = {
			isa = PBXGroup;
			children = (
				CF6C51722187F69800F4F62E /* AppDelegate.h */,
				CF6C51732187F69800F4F62E /* AppDelegate.m */,
				CF6C51752187F69800F4F62E /* ViewController.h */,
				CF6C51762187F69800F4F62E /* ViewController.m */,
				CF6C51782187F69800F4F62E /* Main.storyboard */,
				CF6C517B2187F6A000F4F62E /* Assets.xcassets */,
				CF6C517D2187F6A000F4F62E /* LaunchScreen.storyboard */,
				CF6C51802187F6A000F4F62E /* Info.plist */,
				CF6C51812187F6A000F4F62E /* main.m */,
			);
			path = "UI滚动视图";
			sourceTree = "<group>";
		};
/* End PBXGroup section */

/* Begin PBXNativeTarget section */
		CF6C516E2187F69800F4F62E /* UI滚动视图 */ = {
			isa = PBXNativeTarget;
			buildConfigurationList = CF6C51852187F6A000F4F62E /* Build configuration list for PBXNativeTarget "UI滚动视图" */;
			buildPhases = (
				CF6C516B2187F69800F4F62E /* Sources */,
				CF6C516C2187F69800F4F62E /* Frameworks */,
				CF6C516D2187F69800F4F62E /* Resources */,
			);
			buildRules = (
			);
			dependencies = (
			);
			name = "UI滚动视图";
			productName = "UI滚动视图";
			productReference = CF6C516F2187F69800F4F62E /* UI滚动视图.app */;
			productType = "com.apple.product-type.application";
		};
/* End PBXNativeTarget section */

/* Begin PBXProject section */
		CF6C51672187F69800F4F62E /* Project object */ = {
			isa = PBXProject;
			attributes = {
				LastUpgradeCheck = 1000;
				ORGANIZATIONNAME = "Antony x";
				TargetAttributes = {
					CF6C516E2187F69800F4F62E = {
						CreatedOnToolsVersion = 10.0;
					};
				};
			};
			buildConfigurationList = CF6C516A2187F69800F4F62E /* Build configuration list for PBXProject "UI滚动视图" */;
			compatibilityVersion = "Xcode 9.3";
			developmentRegion = en;
			hasScannedForEncodings = 0;
			knownRegions = (
				en,
				Base,
			);
			mainGroup = CF6C51662187F69800F4F62E;
			productRefGroup = CF6C51702187F69800F4F62E /* Products */;
			projectDirPath = "";
			projectRoot = "";
			targets = (
				CF6C516E2187F69800F4F62E /* UI滚动视图 */,
			);
		};
/* End PBXProject section */

/* Begin PBXResourcesBuildPhase section */
		CF6C516D2187F69800F4F62E /* Resources */ = {
			isa = PBXResourcesBuildPhase;
			buildActionMask = 2147483647;
			files = (
				CF6C517F2187F6A000F4F62E /* LaunchScreen.storyboard in Resources */,
				CF6C518E2187FBD200F4F62E /* 5.jpg in Resources */,
				CF6C51902187FBD200F4F62E /* 2.jpg in Resources */,
				CF6C51912187FBD200F4F62E /* 1.jpg in Resources */,
				CF6C517C2187F6A000F4F62E /* Assets.xcassets in Resources */,
				CF6C518F2187FBD200F4F62E /* 3.jpg in Resources */,
				CF6C518D2187FBD200F4F62E /* 4.jpg in Resources */,
				CF6C517A2187F69800F4F62E /* Main.storyboard in Resources */,
			);
			runOnlyForDeploymentPostprocessing = 0;
		};
/* End PBXResourcesBuildPhase section */

/* Begin PBXSourcesBuildPhase section */
		CF6C516B2187F69800F4F62E /* Sources */ = {
			isa = PBXSourcesBuildPhase;
			buildActionMask = 2147483647;
			files = (
				CF6C51772187F69800F4F62E /* ViewController.m in Sources */,
				CF6C51822187F6A000F4F62E /* main.m in Sources */,
				CF6C51742187F69800F4F62E /* AppDelegate.m in Sources */,
			);
			runOnlyForDeploymentPostprocessing = 0;
		};
/* End PBXSourcesBuildPhase section */

/* Begin PBXVariantGroup section */
		CF6C51782187F69800F4F62E /* Main.storyboard */ = {
			isa = PBXVariantGroup;
			children = (
				CF6C51792187F69800F4F62E /* Base */,
			);
			name = Main.storyboard;
			sourceTree = "<group>";
		};
		CF6C517D2187F6A000F4F62E /* LaunchScreen.storyboard */ = {
			isa = PBXVariantGroup;
			children = (
				CF6C517E2187F6A000F4F62E /* Base */,
			);
			name = LaunchScreen.storyboard;
			sourceTree = "<group>";
		};
/* End PBXVariantGroup section */

/* Begin XCBuildConfiguration section */
		CF6C51832187F6A000F4F62E /* Debug */ = {
			isa = XCBuildConfiguration;
			buildSettings = {
				ALWAYS_SEARCH_USER_PATHS = NO;
				CLANG_ANALYZER_NONNULL = YES;
				CLANG_ANALYZER_NUMBER_OBJECT_CONVERSION = YES_AGGRESSIVE;
				CLANG_CXX_LANGUAGE_STANDARD = "gnu++14";
				CLANG_CXX_LIBRARY = "libc++";
				CLANG_ENABLE_MODULES = YES;
				CLANG_ENABLE_OBJC_ARC = YES;
				CLANG_ENABLE_OBJC_WEAK = YES;
				CLANG_WARN_BLOCK_CAPTURE_AUTORELEASING = YES;
				CLANG_WARN_BOOL_CONVERSION = YES;
				CLANG_WARN_COMMA = YES;
				CLANG_WARN_CONSTANT_CONVERSION = YES;
				CLANG_WARN_DEPRECATED_OBJC_IMPLEMENTATIONS = YES;
				CLANG_WARN_DIRECT_OBJC_ISA_USAGE = YES_ERROR;
				CLANG_WARN_DOCUMENTATION_COMMENTS = YES;
				CLANG_WARN_EMPTY_BODY = YES;
				CLANG_WARN_ENUM_CONVERSION = YES;
				CLANG_WARN_INFINITE_RECURSION = YES;
				CLANG_WARN_INT_CONVERSION = YES;
				CLANG_WARN_NON_LITERAL_NULL_CONVERSION = YES;
				CLANG_WARN_OBJC_IMPLICIT_RETAIN_SELF = YES;
				CLANG_WARN_OBJC_LITERAL_CONVERSION = YES;
				CLANG_WARN_OBJC_ROOT_CLASS = YES_ERROR;
				CLANG_WARN_RANGE_LOOP_ANALYSIS = YES;
				CLANG_WARN_STRICT_PROTOTYPES = YES;
				CLANG_WARN_SUSPICIOUS_MOVE = YES;
				CLANG_WARN_UNGUARDED_AVAILABILITY = YES_AGGRESSIVE;
				CLANG_WARN_UNREACHABLE_CODE = YES;
				CLANG_WARN__DUPLICATE_METHOD_MATCH = YES;
				CODE_SIGN_IDENTITY = "iPhone Developer";
				COPY_PHASE_STRIP = NO;
				DEBUG_INFORMATION_FORMAT = dwarf;
				ENABLE_STRICT_OBJC_MSGSEND = YES;
				ENABLE_TESTABILITY = YES;
				GCC_C_LANGUAGE_STANDARD = gnu11;
				GCC_DYNAMIC_NO_PIC = NO;
				GCC_NO_COMMON_BLOCKS = YES;
				GCC_OPTIMIZATION_LEVEL = 0;
				GCC_PREPROCESSOR_DEFINITIONS = (
					"DEBUG=1",
					"$(inherited)",
				);
				GCC_WARN_64_TO_32_BIT_CONVERSION = YES;
				GCC_WARN_ABOUT_RETURN_TYPE = YES_ERROR;
				GCC_WARN_UNDECLARED_SELECTOR = YES;
				GCC_WARN_UNINITIALIZED_AUTOS = YES_AGGRESSIVE;
				GCC_WARN_UNUSED_FUNCTION = YES;
				GCC_WARN_UNUSED_VARIABLE = YES;
				IPHONEOS_DEPLOYMENT_TARGET = 12.0;
				MTL_ENABLE_DEBUG_INFO = INCLUDE_SOURCE;
				MTL_FAST_MATH = YES;
				ONLY_ACTIVE_ARCH = YES;
				SDKROOT = iphoneos;
			};
			name = Debug;
		};
		CF6C51842187F6A000F4F62E /* Release */ = {
			isa = XCBuildConfiguration;
			buildSettings = {
				ALWAYS_SEARCH_USER_PATHS = NO;
				CLANG_ANALYZER_NONNULL = YES;
				CLANG_ANALYZER_NUMBER_OBJECT_CONVERSION = YES_AGGRESSIVE;
				CLANG_CXX_LANGUAGE_STANDARD = "gnu++14";
				CLANG_CXX_LIBRARY = "libc++";
				CLANG_ENABLE_MODULES = YES;
				CLANG_ENABLE_OBJC_ARC = YES;
				CLANG_ENABLE_OBJC_WEAK = YES;
				CLANG_WARN_BLOCK_CAPTURE_AUTORELEASING = YES;
				CLANG_WARN_BOOL_CONVERSION = YES;
				CLANG_WARN_COMMA = YES;
				CLANG_WARN_CONSTANT_CONVERSION = YES;
				CLANG_WARN_DEPRECATED_OBJC_IMPLEMENTATIONS = YES;
				CLANG_WARN_DIRECT_OBJC_ISA_USAGE = YES_ERROR;
				CLANG_WARN_DOCUMENTATION_COMMENTS = YES;
				CLANG_WARN_EMPTY_BODY = YES;
				CLANG_WARN_ENUM_CONVERSION = YES;
				CLANG_WARN_INFINITE_RECURSION = YES;
				CLANG_WARN_INT_CONVERSION = YES;
				CLANG_WARN_NON_LITERAL_NULL_CONVERSION = YES;
				CLANG_WARN_OBJC_IMPLICIT_RETAIN_SELF = YES;
				CLANG_WARN_OBJC_LITERAL_CONVERSION = YES;
				CLANG_WARN_OBJC_ROOT_CLASS = YES_ERROR;
				CLANG_WARN_RANGE_LOOP_ANALYSIS = YES;
				CLANG_WARN_STRICT_PROTOTYPES = YES;
				CLANG_WARN_SUSPICIOUS_MOVE = YES;
				CLANG_WARN_UNGUARDED_AVAILABILITY = YES_AGGRESSIVE;
				CLANG_WARN_UNREACHABLE_CODE = YES;
				CLANG_WARN__DUPLICATE_METHOD_MATCH = YES;
				CODE_SIGN_IDENTITY = "iPhone Developer";
				COPY_PHASE_STRIP = NO;
				DEBUG_INFORMATION_FORMAT = "dwarf-with-dsym";
				ENABLE_NS_ASSERTIONS = NO;
				ENABLE_STRICT_OBJC_MSGSEND = YES;
				GCC_C_LANGUAGE_STANDARD = gnu11;
				GCC_NO_COMMON_BLOCKS = YES;
				GCC_WARN_64_TO_32_BIT_CONVERSION = YES;
				GCC_WARN_ABOUT_RETURN_TYPE = YES_ERROR;
				GCC_WARN_UNDECLARED_SELECTOR = YES;
				GCC_WARN_UNINITIALIZED_AUTOS = YES_AGGRESSIVE;
				GCC_WARN_UNUSED_FUNCTION = YES;
				GCC_WARN_UNUSED_VARIABLE = YES;
				IPHONEOS_DEPLOYMENT_TARGET = 12.0;
				MTL_ENABLE_DEBUG_INFO = NO;
				MTL_FAST_MATH = YES;
				SDKROOT = iphoneos;
				VALIDATE_PRODUCT = YES;
			};
			name = Release;
		};
		CF6C51862187F6A000F4F62E /* Debug */ = {
			isa = XCBuildConfiguration;
			buildSettings = {
				ASSETCATALOG_COMPILER_APPICON_NAME = AppIcon;
				CODE_SIGN_STYLE = Automatic;
				INFOPLIST_FILE = "UI滚动视图/Info.plist";
				LD_RUNPATH_SEARCH_PATHS = (
					"$(inherited)",
					"@executable_path/Frameworks",
				);
				PRODUCT_BUNDLE_IDENTIFIER = "com.antony.test.UI----";
				PRODUCT_NAME = "$(TARGET_NAME)";
				TARGETED_DEVICE_FAMILY = "1,2";
			};
			name = Debug;
		};
		CF6C51872187F6A000F4F62E /* Release */ = {
			isa = XCBuildConfiguration;
			buildSettings = {
				ASSETCATALOG_COMPILER_APPICON_NAME = AppIcon;
				CODE_SIGN_STYLE = Automatic;
				INFOPLIST_FILE = "UI滚动视图/Info.plist";
				LD_RUNPATH_SEARCH_PATHS = (
					"$(inherited)",
					"@executable_path/Frameworks",
				);
				PRODUCT_BUNDLE_IDENTIFIER = "com.antony.test.UI----";
				PRODUCT_NAME = "$(TARGET_NAME)";
				TARGETED_DEVICE_FAMILY = "1,2";
			};
			name = Release;
		};
/* End XCBuildConfiguration section */

/* Begin XCConfigurationList section */
		CF6C516A2187F69800F4F62E /* Build configuration list for PBXProject "UI滚动视图" */ = {
			isa = XCConfigurationList;
			buildConfigurations = (
				CF6C51832187F6A000F4F62E /* Debug */,
				CF6C51842187F6A000F4F62E /* Release */,
			);
			defaultConfigurationIsVisible = 0;
			defaultConfigurationName = Release;
		};
		CF6C51852187F6A000F4F62E /* Build configuration list for PBXNativeTarget "UI滚动视图" */ = {
			isa = XCConfigurationList;
			buildConfigurations = (
				CF6C51862187F6A000F4F62E /* Debug */,
				CF6C51872187F6A000F4F62E /* Release */,
			);
			defaultConfigurationIsVisible = 0;
			defaultConfigurationName = Release;
		};
/* End XCConfigurationList section */
	};
	rootObject = CF6C51672187F69800F4F62E /* Project object */;
}
